// !$*UTF8*$!
{
	archiveVersion = 1;
	classes = {
	};
	objectVersion = 46;
	objects = {

/* Begin PBXBuildFile section */
		9AECFB5A1D34C88E00AE5042 /* AppDelegate.swift in Sources */ = {isa = PBXBuildFile; fileRef = 9AECFB591D34C88E00AE5042 /* AppDelegate.swift */; };
		9AECFB5C1D34C88E00AE5042 /* ViewController.swift in Sources */ = {isa = PBXBuildFile; fileRef = 9AECFB5B1D34C88E00AE5042 /* ViewController.swift */; };
		9AECFB5F1D34C88E00AE5042 /* Main.storyboard in Resources */ = {isa = PBXBuildFile; fileRef = 9AECFB5D1D34C88E00AE5042 /* Main.storyboard */; };
		9AECFB611D34C88E00AE5042 /* Assets.xcassets in Resources */ = {isa = PBXBuildFile; fileRef = 9AECFB601D34C88E00AE5042 /* Assets.xcassets */; };
		9AECFB641D34C88E00AE5042 /* LaunchScreen.storyboard in Resources */ = {isa = PBXBuildFile; fileRef = 9AECFB621D34C88E00AE5042 /* LaunchScreen.storyboard */; };
/* End PBXBuildFile section */

/* Begin PBXFileReference section */
		9AECFB561D34C88E00AE5042 /* TableViewController2.app */ = {isa = PBXFileReference; explicitFileType = wrapper.application; includeInIndex = 0; path = TableViewController2.app; sourceTree = BUILT_PRODUCTS_DIR; };
		9AECFB591D34C88E00AE5042 /* AppDelegate.swift */ = {isa = PBXFileReference; lastKnownFileType = sourcecode.swift; path = AppDelegate.swift; sourceTree = "<group>"; };
		9AECFB5B1D34C88E00AE5042 /* ViewController.swift */ = {isa = PBXFileReference; lastKnownFileType = sourcecode.swift; path = ViewController.swift; sourceTree = "<group>"; };
		9AECFB5E1D34C88E00AE5042 /* Base */ = {isa = PBXFileReference; lastKnownFileType = file.storyboard; name = Base; path = Base.lproj/Main.storyboard; sourceTree = "<group>"; };
		9AECFB601D34C88E00AE5042 /* Assets.xcassets */ = {isa = PBXFileReference; lastKnownFileType = folder.assetcatalog; path = Assets.xcassets; sourceTree = "<group>"; };
		9AECFB631D34C88E00AE5042 /* Base */ = {isa = PBXFileReference; lastKnownFileType = file.storyboard; name = Base; path = Base.lproj/LaunchScreen.storyboard; sourceTree = "<group>"; };
		9AECFB651D34C88E00AE5042 /* Info.plist */ = {isa = PBXFileReference; lastKnownFileType = text.plist.xml; path = Info.plist; sourceTree = "<group>"; };
/* End PBXFileReference section */

/* Begin PBXFrameworksBuildPhase section */
		9AECFB531D34C88E00AE5042 /* Frameworks */ = {
			isa = PBXFrameworksBuildPhase;
			buildActionMask = 2147483647;
			files = (
			);
			runOnlyForDeploymentPostprocessing = 0;
		};
/* End PBXFrameworksBuildPhase section */

/* Begin PBXGroup section */
		9AECFB4D1D34C88E00AE5042 = {
			isa = PBXGroup;
			children = (
				9AECFB581D34C88E00AE5042 /* TableViewController2 */,
				9AECFB571D34C88E00AE5042 /* Products */,
			);
			sourceTree = "<group>";
		};
		9AECFB571D34C88E00AE5042 /* Products */ = {
			isa = PBXGroup;
			children = (
				9AECFB561D34C88E00AE5042 /* TableViewController2.app */,
			);
			name = Products;
			sourceTree = "<group>";
		};
		9AECFB581D34C88E00AE5042 /* TableViewController2 */ = {
			isa = PBXGroup;
			children = (
				9AECFB591D34C88E00AE5042 /* AppDelegate.swift */,
				9AECFB5B1D34C88E00AE5042 /* ViewController.swift */,
				9AECFB5D1D34C88E00AE5042 /* Main.storyboard */,
				9AECFB601D34C88E00AE5042 /* Assets.xcassets */,
				9AECFB621D34C88E00AE5042 /* LaunchScreen.storyboard */,
				9AECFB651D34C88E00AE5042 /* Info.plist */,
			);
			path = TableViewController2;
			sourceTree = "<group>";
		};
/* End PBXGroup section */

/* Begin PBXNativeTarget section */
		9AECFB551D34C88E00AE5042 /* TableViewController2 */ = {
			isa = PBXNativeTarget;
			buildConfigurationList = 9AECFB681D34C88E00AE5042 /* Build configuration list for PBXNativeTarget "TableViewController2" */;
			buildPhases = (
				9AECFB521D34C88E00AE5042 /* Sources */,
				9AECFB531D34C88E00AE5042 /* Frameworks */,
				9AECFB541D34C88E00AE5042 /* Resources */,
			);
			buildRules = (
			);
			dependencies = (
			);
			name = TableViewController2;
			productName = TableViewController2;
			productReference = 9AECFB561D34C88E00AE5042 /* TableViewController2.app */;
			productType = "com.apple.product-type.application";
		};
/* End PBXNativeTarget section */

/* Begin PBXProject section */
		9AECFB4E1D34C88E00AE5042 /* Project object */ = {
			isa = PBXProject;
			attributes = {
				LastSwiftUpdateCheck = 0730;
				LastUpgradeCheck = 0730;
				ORGANIZATIONNAME = "Kumar Mote";
				TargetAttributes = {
					9AECFB551D34C88E00AE5042 = {
						CreatedOnToolsVersion = 7.3.1;
					};
				};
			};
			buildConfigurationList = 9AECFB511D34C88E00AE5042 /* Build configuration list for PBXProject "TableViewController2" */;
			compatibilityVersion = "Xcode 3.2";
			developmentRegion = English;
			hasScannedForEncodings = 0;
			knownRegions = (
				en,
				Base,
			);
			mainGroup = 9AECFB4D1D34C88E00AE5042;
			productRefGroup = 9AECFB571D34C88E00AE5042 /* Products */;
			projectDirPath = "";
			projectRoot = "";
			targets = (
				9AECFB551D34C88E00AE5042 /* TableViewController2 */,
			);
		};
/* End PBXProject section */

/* Begin PBXResourcesBuildPhase section */
		9AECFB541D34C88E00AE5042 /* Resources */ = {
			isa = PBXResourcesBuildPhase;
			buildActionMask = 2147483647;
			files = (
				9AECFB641D34C88E00AE5042 /* LaunchScreen.storyboard in Resources */,
				9AECFB611D34C88E00AE5042 /* Assets.xcassets in Resources */,
				9AECFB5F1D34C88E00AE5042 /* Main.storyboard in Resources */,
			);
			runOnlyForDeploymentPostprocessing = 0;
		};
/* End PBXResourcesBuildPhase section */

/* Begin PBXSourcesBuildPhase section */
		9AECFB521D34C88E00AE5042 /* Sources */ = {
			isa = PBXSourcesBuildPhase;
			buildActionMask = 2147483647;
			files = (
				9AECFB5C1D34C88E00AE5042 /* ViewController.swift in Sources */,
				9AECFB5A1D34C88E00AE5042 /* AppDelegate.swift in Sources */,
			);
			runOnlyForDeploymentPostprocessing = 0;
		};
/* End PBXSourcesBuildPhase section */

/* Begin PBXVariantGroup section */
		9AECFB5D1D34C88E00AE5042 /* Main.storyboard */ = {
			isa = PBXVariantGroup;
			children = (
				9AECFB5E1D34C88E00AE5042 /* Base */,
			);
			name = Main.storyboard;
			sourceTree = "<group>";
		};
		9AECFB621D34C88E00AE5042 /* LaunchScreen.storyboard */ = {
			isa = PBXVariantGroup;
			children = (
				9AECFB631D34C88E00AE5042 /* Base */,
			);
			name = LaunchScreen.storyboard;
			sourceTree = "<group>";
		};
/* End PBXVariantGroup section */

/* Begin XCBuildConfiguration section */
		9AECFB661D34C88E00AE5042 /* Debug */ = {
			isa = XCBuildConfiguration;
			buildSettings = {
				ALWAYS_SEARCH_USER_PATHS = NO;
				CLANG_ANALYZER_NONNULL = YES;
				CLANG_CXX_LANGUAGE_STANDARD = "gnu++0x";
				CLANG_CXX_LIBRARY = "libc++";
				CLANG_ENABLE_MODULES = YES;
				CLANG_ENABLE_OBJC_ARC = YES;
				CLANG_WARN_BOOL_CONVERSION = YES;
				CLANG_WARN_CONSTANT_CONVERSION = YES;
				CLANG_WARN_DIRECT_OBJC_ISA_USAGE = YES_ERROR;
				CLANG_WARN_EMPTY_BODY = YES;
				CLANG_WARN_ENUM_CONVERSION = YES;
				CLANG_WARN_INT_CONVERSION = YES;
				CLANG_WARN_OBJC_ROOT_CLASS = YES_ERROR;
				CLANG_WARN_UNREACHABLE_CODE = YES;
				CLANG_WARN__DUPLICATE_METHOD_MATCH = YES;
				"CODE_SIGN_IDENTITY[sdk=iphoneos*]" = "iPhone Developer";
				COPY_PHASE_STRIP = NO;
				DEBUG_INFORMATION_FORMAT = dwarf;
				ENABLE_STRICT_OBJC_MSGSEND = YES;
				ENABLE_TESTABILITY = YES;
				GCC_C_LANGUAGE_STANDARD = gnu99;
				GCC_DYNAMIC_NO_PIC = NO;
				GCC_NO_COMMON_BLOCKS = YES;
				GCC_OPTIMIZATION_LEVEL = 0;
				GCC_PREPROCESSOR_DEFINITIONS = (
					"DEBUG=1",
					"$(inherited)",
				);
				GCC_WARN_64_TO_32_BIT_CONVERSION = YES;
				GCC_WARN_ABOUT_RETURN_TYPE = YES_ERROR;
				GCC_WARN_UNDECLARED_SELECTOR = YES;
				GCC_WARN_UNINITIALIZED_AUTOS = YES_AGGRESSIVE;
				GCC_WARN_UNUSED_FUNCTION = YES;
				GCC_WARN_UNUSED_VARIABLE = YES;
				IPHONEOS_DEPLOYMENT_TARGET = 9.3;
				MTL_ENABLE_DEBUG_INFO = YES;
				ONLY_ACTIVE_ARCH = YES;
				SDKROOT = iphoneos;
				SWIFT_OPTIMIZATION_LEVEL = "-Onone";
			};
			name = Debug;
		};
		9AECFB671D34C88E00AE5042 /* Release */ = {
			isa = XCBuildConfiguration;
			buildSettings = {
				ALWAYS_SEARCH_USER_PATHS = NO;
				CLANG_ANALYZER_NONNULL = YES;
				CLANG_CXX_LANGUAGE_STANDARD = "gnu++0x";
				CLANG_CXX_LIBRARY = "libc++";
				CLANG_ENABLE_MODULES = YES;
				CLANG_ENABLE_OBJC_ARC = YES;
				CLANG_WARN_BOOL_CONVERSION = YES;
				CLANG_WARN_CONSTANT_CONVERSION = YES;
				CLANG_WARN_DIRECT_OBJC_ISA_USAGE = YES_ERROR;
				CLANG_WARN_EMPTY_BODY = YES;
				CLANG_WARN_ENUM_CONVERSION = YES;
				CLANG_WARN_INT_CONVERSION = YES;
				CLANG_WARN_OBJC_ROOT_CLASS = YES_ERROR;
				CLANG_WARN_UNREACHABLE_CODE = YES;
				CLANG_WARN__DUPLICATE_METHOD_MATCH = YES;
				"CODE_SIGN_IDENTITY[sdk=iphoneos*]" = "iPhone Developer";
				COPY_PHASE_STRIP = NO;
				DEBUG_INFORMATION_FORMAT = "dwarf-with-dsym";
				ENABLE_NS_ASSERTIONS = NO;
				ENABLE_STRICT_OBJC_MSGSEND = YES;
				GCC_C_LANGUAGE_STANDARD = gnu99;
				GCC_NO_COMMON_BLOCKS = YES;
				GCC_WARN_64_TO_32_BIT_CONVERSION = YES;
				GCC_WARN_ABOUT_RETURN_TYPE = YES_ERROR;
				GCC_WARN_UNDECLARED_SELECTOR = YES;
				GCC_WARN_UNINITIALIZED_AUTOS = YES_AGGRESSIVE;
				GCC_WARN_UNUSED_FUNCTION = YES;
				GCC_WARN_UNUSED_VARIABLE = YES;
				IPHONEOS_DEPLOYMENT_TARGET = 9.3;
				MTL_ENABLE_DEBUG_INFO = NO;
				SDKROOT = iphoneos;
				VALIDATE_PRODUCT = YES;
			};
			name = Release;
		};
		9AECFB691D34C88E00AE5042 /* Debug */ = {
			isa = XCBuildConfiguration;
			buildSettings = {
				ASSETCATALOG_COMPILER_APPICON_NAME = AppIcon;
				INFOPLIST_FILE = TableViewController2/Info.plist;
				LD_RUNPATH_SEARCH_PATHS = "$(inherited) @executable_path/Frameworks";
				PRODUCT_BUNDLE_IDENTIFIER = com.test.TableViewController2;
				PRODUCT_NAME = "$(TARGET_NAME)";
			};
			name = Debug;
		};
		9AECFB6A1D34C88E00AE5042 /* Release */ = {
			isa = XCBuildConfiguration;
			buildSettings = {
				ASSETCATALOG_COMPILER_APPICON_NAME = AppIcon;
				INFOPLIST_FILE = TableViewController2/Info.plist;
				LD_RUNPATH_SEARCH_PATHS = "$(inherited) @executable_path/Frameworks";
				PRODUCT_BUNDLE_IDENTIFIER = com.test.TableViewController2;
				PRODUCT_NAME = "$(TARGET_NAME)";
			};
			name = Release;
		};
/* End XCBuildConfiguration section */

/* Begin XCConfigurationList section */
		9AECFB511D34C88E00AE5042 /* Build configuration list for PBXProject "TableViewController2" */ = {
			isa = XCConfigurationList;
			buildConfigurations = (
				9AECFB661D34C88E00AE5042 /* Debug */,
				9AECFB671D34C88E00AE5042 /* Release */,
			);
			defaultConfigurationIsVisible = 0;
			defaultConfigurationName = Release;
		};
		9AECFB681D34C88E00AE5042 /* Build configuration list for PBXNativeTarget "TableViewController2" */ = {
			isa = XCConfigurationList;
			buildConfigurations = (
				9AECFB691D34C88E00AE5042 /* Debug */,
				9AECFB6A1D34C88E00AE5042 /* Release */,
			);
			defaultConfigurationIsVisible = 0;
		};
/* End XCConfigurationList section */
	};
	rootObject = 9AECFB4E1D34C88E00AE5042 /* Project object */;
}
